
Microsoft Visual Studio Solution File, Format Version 12.00
# Visual Studio Version 16
VisualStudioVersion = 16.0.32002.261
MinimumVisualStudioVersion = 10.0.40219.1
Project("{FAE04EC0-301F-11D3-BF4B-00C04F79EFBC}") = "Mission2", "Mission2\Mission2.csproj", "{C65E3884-F836-4AE0-97EB-A6B34004074D}"
EndProject
Global
	GlobalSection(SolutionConfigurationPlatforms) = preSolution
		Debug|Any CPU = Debug|Any CPU
		Release|Any CPU = Release|Any CPU
	EndGlobalSection
	GlobalSection(ProjectConfigurationPlatforms) = postSolution
		{C65E3884-F836-4AE0-97EB-A6B34004074D}.Debug|Any CPU.ActiveCfg = Debug|Any CPU
		{C65E3884-F836-4AE0-97EB-A6B34004074D}.Debug|Any CPU.Build.0 = Debug|Any CPU
		{C65E3884-F836-4AE0-97EB-A6B34004074D}.Release|Any CPU.ActiveCfg = Release|Any CPU
		{C65E3884-F836-4AE0-97EB-A6B34004074D}.Release|Any CPU.Build.0 = Release|Any CPU
	EndGlobalSection
	GlobalSection(SolutionProperties) = preSolution
		HideSolutionNode = FALSE
	EndGlobalSection
	GlobalSection(ExtensibilityGlobals) = postSolution
		SolutionGuid = {35401B2A-F01E-401F-A0F0-BED33D81E75F}
	EndGlobalSection
EndGlobal
